
Microsoft Visual Studio Solution File, Format Version 12.00
# Visual Studio Version 16
VisualStudioVersion = 16.0.31019.35
MinimumVisualStudioVersion = 10.0.40219.1
Project("{8BC9CEB8-8B4A-11D0-8D11-00A0C91BC942}") = "DLLInspector", "DLLInspector\DLLInspector.vcxproj", "{52382320-C8DD-472C-9304-2A460E76C676}"
EndProject
Project("{8BC9CEB8-8B4A-11D0-8D11-00A0C91BC942}") = "InspectorKhan", "InspectorKhan\InspectorKhan.vcxproj", "{16551450-DC10-4E57-8688-52A63D54FFEC}"
EndProject
Global
	GlobalSection(SolutionConfigurationPlatforms) = preSolution
		Debug|x64 = Debug|x64
		Debug|x86 = Debug|x86
		Release|x64 = Release|x64
		Release|x86 = Release|x86
	EndGlobalSection
	GlobalSection(ProjectConfigurationPlatforms) = postSolution
		{52382320-C8DD-472C-9304-2A460E76C676}.Debug|x64.ActiveCfg = Debug|x64
		{52382320-C8DD-472C-9304-2A460E76C676}.Debug|x64.Build.0 = Debug|x64
		{52382320-C8DD-472C-9304-2A460E76C676}.Debug|x86.ActiveCfg = Debug|Win32
		{52382320-C8DD-472C-9304-2A460E76C676}.Debug|x86.Build.0 = Debug|Win32
		{52382320-C8DD-472C-9304-2A460E76C676}.Release|x64.ActiveCfg = Release|x64
		{52382320-C8DD-472C-9304-2A460E76C676}.Release|x64.Build.0 = Release|x64
		{52382320-C8DD-472C-9304-2A460E76C676}.Release|x86.ActiveCfg = Release|Win32
		{52382320-C8DD-472C-9304-2A460E76C676}.Release|x86.Build.0 = Release|Win32
		{16551450-DC10-4E57-8688-52A63D54FFEC}.Debug|x64.ActiveCfg = Debug|x64
		{16551450-DC10-4E57-8688-52A63D54FFEC}.Debug|x64.Build.0 = Debug|x64
		{16551450-DC10-4E57-8688-52A63D54FFEC}.Debug|x86.ActiveCfg = Debug|Win32
		{16551450-DC10-4E57-8688-52A63D54FFEC}.Debug|x86.Build.0 = Debug|Win32
		{16551450-DC10-4E57-8688-52A63D54FFEC}.Release|x64.ActiveCfg = Release|x64
		{16551450-DC10-4E57-8688-52A63D54FFEC}.Release|x64.Build.0 = Release|x64
		{16551450-DC10-4E57-8688-52A63D54FFEC}.Release|x86.ActiveCfg = Release|Win32
		{16551450-DC10-4E57-8688-52A63D54FFEC}.Release|x86.Build.0 = Release|Win32
	EndGlobalSection
	GlobalSection(SolutionProperties) = preSolution
		HideSolutionNode = FALSE
	EndGlobalSection
	GlobalSection(ExtensibilityGlobals) = postSolution
		SolutionGuid = {05DD7CC4-78F8-4EFD-B2DD-A35B746E8054}
	EndGlobalSection
EndGlobal
